
Microsoft Visual Studio Solution File, Format Version 12.00
# Visual Studio Version 16
VisualStudioVersion = 16.0.30413.136
MinimumVisualStudioVersion = 10.0.40219.1
Project("{9A19103F-16F7-4668-BE54-9A1E7A4F7556}") = "Framework2DGameMandatory", "Framework2DGameMandatory\Framework2DGameMandatory.csproj", "{3BCA4581-3110-4121-9DA8-1EC02DC8B4B4}"
EndProject
Project("{FAE04EC0-301F-11D3-BF4B-00C04F79EFBC}") = "2DGame", "2DGame\2DGame.csproj", "{09B492D3-CC33-4107-9BEC-1FF7320C9C90}"
EndProject
Global
	GlobalSection(SolutionConfigurationPlatforms) = preSolution
		Debug|Any CPU = Debug|Any CPU
		Release|Any CPU = Release|Any CPU
	EndGlobalSection
	GlobalSection(ProjectConfigurationPlatforms) = postSolution
		{3BCA4581-3110-4121-9DA8-1EC02DC8B4B4}.Debug|Any CPU.ActiveCfg = Debug|Any CPU
		{3BCA4581-3110-4121-9DA8-1EC02DC8B4B4}.Debug|Any CPU.Build.0 = Debug|Any CPU
		{3BCA4581-3110-4121-9DA8-1EC02DC8B4B4}.Release|Any CPU.ActiveCfg = Release|Any CPU
		{3BCA4581-3110-4121-9DA8-1EC02DC8B4B4}.Release|Any CPU.Build.0 = Release|Any CPU
		{09B492D3-CC33-4107-9BEC-1FF7320C9C90}.Debug|Any CPU.ActiveCfg = Debug|Any CPU
		{09B492D3-CC33-4107-9BEC-1FF7320C9C90}.Debug|Any CPU.Build.0 = Debug|Any CPU
		{09B492D3-CC33-4107-9BEC-1FF7320C9C90}.Release|Any CPU.ActiveCfg = Release|Any CPU
		{09B492D3-CC33-4107-9BEC-1FF7320C9C90}.Release|Any CPU.Build.0 = Release|Any CPU
	EndGlobalSection
	GlobalSection(SolutionProperties) = preSolution
		HideSolutionNode = FALSE
	EndGlobalSection
	GlobalSection(ExtensibilityGlobals) = postSolution
		SolutionGuid = {7E2D4E61-4346-481F-87F0-9AC10C78979C}
	EndGlobalSection
EndGlobal
